
Microsoft Visual Studio Solution File, Format Version 12.00
# Visual Studio Version 16
VisualStudioVersion = 16.0.31729.503
MinimumVisualStudioVersion = 10.0.40219.1
Project("{8BC9CEB8-8B4A-11D0-8D11-00A0C91BC942}") = "UnorderedSet (HashTables)", "UnorderedSet (HashTables)\UnorderedSet (HashTables).vcxproj", "{835A967E-3045-46A2-808E-4BBF5989DD14}"
EndProject
Global
	GlobalSection(SolutionConfigurationPlatforms) = preSolution
		Debug|x64 = Debug|x64
		Debug|x86 = Debug|x86
		Release|x64 = Release|x64
		Release|x86 = Release|x86
	EndGlobalSection
	GlobalSection(ProjectConfigurationPlatforms) = postSolution
		{835A967E-3045-46A2-808E-4BBF5989DD14}.Debug|x64.ActiveCfg = Debug|x64
		{835A967E-3045-46A2-808E-4BBF5989DD14}.Debug|x64.Build.0 = Debug|x64
		{835A967E-3045-46A2-808E-4BBF5989DD14}.Debug|x86.ActiveCfg = Debug|Win32
		{835A967E-3045-46A2-808E-4BBF5989DD14}.Debug|x86.Build.0 = Debug|Win32
		{835A967E-3045-46A2-808E-4BBF5989DD14}.Release|x64.ActiveCfg = Release|x64
		{835A967E-3045-46A2-808E-4BBF5989DD14}.Release|x64.Build.0 = Release|x64
		{835A967E-3045-46A2-808E-4BBF5989DD14}.Release|x86.ActiveCfg = Release|Win32
		{835A967E-3045-46A2-808E-4BBF5989DD14}.Release|x86.Build.0 = Release|Win32
	EndGlobalSection
	GlobalSection(SolutionProperties) = preSolution
		HideSolutionNode = FALSE
	EndGlobalSection
	GlobalSection(ExtensibilityGlobals) = postSolution
		SolutionGuid = {535D2E97-ED9C-4E75-B553-7814D0E247F5}
	EndGlobalSection
EndGlobal
